
Microsoft Visual Studio Solution File, Format Version 12.00
# Visual Studio Version 16
VisualStudioVersion = 16.0.32002.261
MinimumVisualStudioVersion = 10.0.40219.1
Project("{FAE04EC0-301F-11D3-BF4B-00C04F79EFBC}") = "SemaForms", "SemaForms\SemaForms.csproj", "{4788263B-7BFB-47A9-9003-EB577D6C9B86}"
EndProject
Global
	GlobalSection(SolutionConfigurationPlatforms) = preSolution
		Debug|Any CPU = Debug|Any CPU
		Release|Any CPU = Release|Any CPU
	EndGlobalSection
	GlobalSection(ProjectConfigurationPlatforms) = postSolution
		{4788263B-7BFB-47A9-9003-EB577D6C9B86}.Debug|Any CPU.ActiveCfg = Debug|Any CPU
		{4788263B-7BFB-47A9-9003-EB577D6C9B86}.Debug|Any CPU.Build.0 = Debug|Any CPU
		{4788263B-7BFB-47A9-9003-EB577D6C9B86}.Release|Any CPU.ActiveCfg = Release|Any CPU
		{4788263B-7BFB-47A9-9003-EB577D6C9B86}.Release|Any CPU.Build.0 = Release|Any CPU
	EndGlobalSection
	GlobalSection(SolutionProperties) = preSolution
		HideSolutionNode = FALSE
	EndGlobalSection
	GlobalSection(ExtensibilityGlobals) = postSolution
		SolutionGuid = {3B8B0D92-A60A-4350-B5F3-4B0D76F54F47}
	EndGlobalSection
EndGlobal
